// !$*UTF8*$!
{
	archiveVersion = 1;
	classes = {
	};
	objectVersion = 48;
	objects = {

/* Begin PBXBuildFile section */
		F806B1F01F87201C0037BEB5 /* MemeTextAtrributes.swift in Sources */ = {isa = PBXBuildFile; fileRef = F806B1EF1F87201C0037BEB5 /* MemeTextAtrributes.swift */; };
		F81B07171F85142B005154BA /* AppDelegate.swift in Sources */ = {isa = PBXBuildFile; fileRef = F81B07161F85142B005154BA /* AppDelegate.swift */; };
		F81B07191F85142B005154BA /* MemeEditorViewController.swift in Sources */ = {isa = PBXBuildFile; fileRef = F81B07181F85142B005154BA /* MemeEditorViewController.swift */; };
		F81B071C1F85142B005154BA /* Main.storyboard in Resources */ = {isa = PBXBuildFile; fileRef = F81B071A1F85142B005154BA /* Main.storyboard */; };
		F81B071E1F85142B005154BA /* Assets.xcassets in Resources */ = {isa = PBXBuildFile; fileRef = F81B071D1F85142B005154BA /* Assets.xcassets */; };
		F81B07211F85142B005154BA /* LaunchScreen.storyboard in Resources */ = {isa = PBXBuildFile; fileRef = F81B071F1F85142B005154BA /* LaunchScreen.storyboard */; };
		F86C00021F8AFDDC0055AE5F /* MemeTextFieldDelegate.swift in Sources */ = {isa = PBXBuildFile; fileRef = F86C00011F8AFDDC0055AE5F /* MemeTextFieldDelegate.swift */; };
		F86CFFFE1F8AFA610055AE5F /* MemeStruct.swift in Sources */ = {isa = PBXBuildFile; fileRef = F86CFFFD1F8AFA610055AE5F /* MemeStruct.swift */; };
/* End PBXBuildFile section */

/* Begin PBXFileReference section */
		F806B1EF1F87201C0037BEB5 /* MemeTextAtrributes.swift */ = {isa = PBXFileReference; lastKnownFileType = sourcecode.swift; path = MemeTextAtrributes.swift; sourceTree = "<group>"; };
		F81B07131F85142B005154BA /* MemeMe 1.0.app */ = {isa = PBXFileReference; explicitFileType = wrapper.application; includeInIndex = 0; path = "MemeMe 1.0.app"; sourceTree = BUILT_PRODUCTS_DIR; };
		F81B07161F85142B005154BA /* AppDelegate.swift */ = {isa = PBXFileReference; lastKnownFileType = sourcecode.swift; path = AppDelegate.swift; sourceTree = "<group>"; };
		F81B07181F85142B005154BA /* MemeEditorViewController.swift */ = {isa = PBXFileReference; lastKnownFileType = sourcecode.swift; path = MemeEditorViewController.swift; sourceTree = "<group>"; };
		F81B071B1F85142B005154BA /* Base */ = {isa = PBXFileReference; lastKnownFileType = file.storyboard; name = Base; path = Base.lproj/Main.storyboard; sourceTree = "<group>"; };
		F81B071D1F85142B005154BA /* Assets.xcassets */ = {isa = PBXFileReference; lastKnownFileType = folder.assetcatalog; path = Assets.xcassets; sourceTree = "<group>"; };
		F81B07201F85142B005154BA /* Base */ = {isa = PBXFileReference; lastKnownFileType = file.storyboard; name = Base; path = Base.lproj/LaunchScreen.storyboard; sourceTree = "<group>"; };
		F81B07221F85142B005154BA /* Info.plist */ = {isa = PBXFileReference; lastKnownFileType = text.plist.xml; path = Info.plist; sourceTree = "<group>"; };
		F86C00011F8AFDDC0055AE5F /* MemeTextFieldDelegate.swift */ = {isa = PBXFileReference; lastKnownFileType = sourcecode.swift; path = MemeTextFieldDelegate.swift; sourceTree = "<group>"; };
		F86CFFFD1F8AFA610055AE5F /* MemeStruct.swift */ = {isa = PBXFileReference; lastKnownFileType = sourcecode.swift; path = MemeStruct.swift; sourceTree = "<group>"; };
/* End PBXFileReference section */

/* Begin PBXFrameworksBuildPhase section */
		F81B07101F85142B005154BA /* Frameworks */ = {
			isa = PBXFrameworksBuildPhase;
			buildActionMask = 2147483647;
			files = (
			);
			runOnlyForDeploymentPostprocessing = 0;
		};
/* End PBXFrameworksBuildPhase section */

/* Begin PBXGroup section */
		F81B070A1F85142B005154BA = {
			isa = PBXGroup;
			children = (
				F81B07151F85142B005154BA /* MemeMe 1.0 */,
				F81B07141F85142B005154BA /* Products */,
			);
			sourceTree = "<group>";
		};
		F81B07141F85142B005154BA /* Products */ = {
			isa = PBXGroup;
			children = (
				F81B07131F85142B005154BA /* MemeMe 1.0.app */,
			);
			name = Products;
			sourceTree = "<group>";
		};
		F81B07151F85142B005154BA /* MemeMe 1.0 */ = {
			isa = PBXGroup;
			children = (
				F81B07161F85142B005154BA /* AppDelegate.swift */,
				F81B07181F85142B005154BA /* MemeEditorViewController.swift */,
				F81B071A1F85142B005154BA /* Main.storyboard */,
				F81B071D1F85142B005154BA /* Assets.xcassets */,
				F81B071F1F85142B005154BA /* LaunchScreen.storyboard */,
				F81B07221F85142B005154BA /* Info.plist */,
				F806B1EF1F87201C0037BEB5 /* MemeTextAtrributes.swift */,
				F86CFFFD1F8AFA610055AE5F /* MemeStruct.swift */,
				F86C00011F8AFDDC0055AE5F /* MemeTextFieldDelegate.swift */,
			);
			path = "MemeMe 1.0";
			sourceTree = "<group>";
		};
/* End PBXGroup section */

/* Begin PBXNativeTarget section */
		F81B07121F85142B005154BA /* MemeMe 1.0 */ = {
			isa = PBXNativeTarget;
			buildConfigurationList = F81B07251F85142B005154BA /* Build configuration list for PBXNativeTarget "MemeMe 1.0" */;
			buildPhases = (
				F81B070F1F85142B005154BA /* Sources */,
				F81B07101F85142B005154BA /* Frameworks */,
				F81B07111F85142B005154BA /* Resources */,
			);
			buildRules = (
			);
			dependencies = (
			);
			name = "MemeMe 1.0";
			productName = "MemeMe 1.0";
			productReference = F81B07131F85142B005154BA /* MemeMe 1.0.app */;
			productType = "com.apple.product-type.application";
		};
/* End PBXNativeTarget section */

/* Begin PBXProject section */
		F81B070B1F85142B005154BA /* Project object */ = {
			isa = PBXProject;
			attributes = {
				LastSwiftUpdateCheck = 0900;
				LastUpgradeCheck = 0900;
				ORGANIZATIONNAME = Udacity;
				TargetAttributes = {
					F81B07121F85142B005154BA = {
						CreatedOnToolsVersion = 9.0;
						ProvisioningStyle = Automatic;
					};
				};
			};
			buildConfigurationList = F81B070E1F85142B005154BA /* Build configuration list for PBXProject "MemeMe 1.0" */;
			compatibilityVersion = "Xcode 8.0";
			developmentRegion = en;
			hasScannedForEncodings = 0;
			knownRegions = (
				en,
				Base,
			);
			mainGroup = F81B070A1F85142B005154BA;
			productRefGroup = F81B07141F85142B005154BA /* Products */;
			projectDirPath = "";
			projectRoot = "";
			targets = (
				F81B07121F85142B005154BA /* MemeMe 1.0 */,
			);
		};
/* End PBXProject section */

/* Begin PBXResourcesBuildPhase section */
		F81B07111F85142B005154BA /* Resources */ = {
			isa = PBXResourcesBuildPhase;
			buildActionMask = 2147483647;
			files = (
				F81B07211F85142B005154BA /* LaunchScreen.storyboard in Resources */,
				F81B071E1F85142B005154BA /* Assets.xcassets in Resources */,
				F81B071C1F85142B005154BA /* Main.storyboard in Resources */,
			);
			runOnlyForDeploymentPostprocessing = 0;
		};
/* End PBXResourcesBuildPhase section */

/* Begin PBXSourcesBuildPhase section */
		F81B070F1F85142B005154BA /* Sources */ = {
			isa = PBXSourcesBuildPhase;
			buildActionMask = 2147483647;
			files = (
				F86CFFFE1F8AFA610055AE5F /* MemeStruct.swift in Sources */,
				F81B07191F85142B005154BA /* MemeEditorViewController.swift in Sources */,
				F86C00021F8AFDDC0055AE5F /* MemeTextFieldDelegate.swift in Sources */,
				F806B1F01F87201C0037BEB5 /* MemeTextAtrributes.swift in Sources */,
				F81B07171F85142B005154BA /* AppDelegate.swift in Sources */,
			);
			runOnlyForDeploymentPostprocessing = 0;
		};
/* End PBXSourcesBuildPhase section */

/* Begin PBXVariantGroup section */
		F81B071A1F85142B005154BA /* Main.storyboard */ = {
			isa = PBXVariantGroup;
			children = (
				F81B071B1F85142B005154BA /* Base */,
			);
			name = Main.storyboard;
			sourceTree = "<group>";
		};
		F81B071F1F85142B005154BA /* LaunchScreen.storyboard */ = {
			isa = PBXVariantGroup;
			children = (
				F81B07201F85142B005154BA /* Base */,
			);
			name = LaunchScreen.storyboard;
			sourceTree = "<group>";
		};
/* End PBXVariantGroup section */

/* Begin XCBuildConfiguration section */
		F81B07231F85142B005154BA /* Debug */ = {
			isa = XCBuildConfiguration;
			buildSettings = {
				ALWAYS_SEARCH_USER_PATHS = NO;
				CLANG_ANALYZER_NONNULL = YES;
				CLANG_ANALYZER_NUMBER_OBJECT_CONVERSION = YES_AGGRESSIVE;
				CLANG_CXX_LANGUAGE_STANDARD = "gnu++14";
				CLANG_CXX_LIBRARY = "libc++";
				CLANG_ENABLE_MODULES = YES;
				CLANG_ENABLE_OBJC_ARC = YES;
				CLANG_WARN_BLOCK_CAPTURE_AUTORELEASING = YES;
				CLANG_WARN_BOOL_CONVERSION = YES;
				CLANG_WARN_COMMA = YES;
				CLANG_WARN_CONSTANT_CONVERSION = YES;
				CLANG_WARN_DIRECT_OBJC_ISA_USAGE = YES_ERROR;
				CLANG_WARN_DOCUMENTATION_COMMENTS = YES;
				CLANG_WARN_EMPTY_BODY = YES;
				CLANG_WARN_ENUM_CONVERSION = YES;
				CLANG_WARN_INFINITE_RECURSION = YES;
				CLANG_WARN_INT_CONVERSION = YES;
				CLANG_WARN_NON_LITERAL_NULL_CONVERSION = YES;
				CLANG_WARN_OBJC_LITERAL_CONVERSION = YES;
				CLANG_WARN_OBJC_ROOT_CLASS = YES_ERROR;
				CLANG_WARN_RANGE_LOOP_ANALYSIS = YES;
				CLANG_WARN_STRICT_PROTOTYPES = YES;
				CLANG_WARN_SUSPICIOUS_MOVE = YES;
				CLANG_WARN_UNGUARDED_AVAILABILITY = YES_AGGRESSIVE;
				CLANG_WARN_UNREACHABLE_CODE = YES;
				CLANG_WARN__DUPLICATE_METHOD_MATCH = YES;
				CODE_SIGN_IDENTITY = "iPhone Developer";
				COPY_PHASE_STRIP = NO;
				DEBUG_INFORMATION_FORMAT = dwarf;
				ENABLE_STRICT_OBJC_MSGSEND = YES;
				ENABLE_TESTABILITY = YES;
				GCC_C_LANGUAGE_STANDARD = gnu11;
				GCC_DYNAMIC_NO_PIC = NO;
				GCC_NO_COMMON_BLOCKS = YES;
				GCC_OPTIMIZATION_LEVEL = 0;
				GCC_PREPROCESSOR_DEFINITIONS = (
					"DEBUG=1",
					"$(inherited)",
				);
				GCC_WARN_64_TO_32_BIT_CONVERSION = YES;
				GCC_WARN_ABOUT_RETURN_TYPE = YES_ERROR;
				GCC_WARN_UNDECLARED_SELECTOR = YES;
				GCC_WARN_UNINITIALIZED_AUTOS = YES_AGGRESSIVE;
				GCC_WARN_UNUSED_FUNCTION = YES;
				GCC_WARN_UNUSED_VARIABLE = YES;
				IPHONEOS_DEPLOYMENT_TARGET = 11.0;
				MTL_ENABLE_DEBUG_INFO = YES;
				ONLY_ACTIVE_ARCH = YES;
				SDKROOT = iphoneos;
				SWIFT_ACTIVE_COMPILATION_CONDITIONS = DEBUG;
				SWIFT_OPTIMIZATION_LEVEL = "-Onone";
			};
			name = Debug;
		};
		F81B07241F85142B005154BA /* Release */ = {
			isa = XCBuildConfiguration;
			buildSettings = {
				ALWAYS_SEARCH_USER_PATHS = NO;
				CLANG_ANALYZER_NONNULL = YES;
				CLANG_ANALYZER_NUMBER_OBJECT_CONVERSION = YES_AGGRESSIVE;
				CLANG_CXX_LANGUAGE_STANDARD = "gnu++14";
				CLANG_CXX_LIBRARY = "libc++";
				CLANG_ENABLE_MODULES = YES;
				CLANG_ENABLE_OBJC_ARC = YES;
				CLANG_WARN_BLOCK_CAPTURE_AUTORELEASING = YES;
				CLANG_WARN_BOOL_CONVERSION = YES;
				CLANG_WARN_COMMA = YES;
				CLANG_WARN_CONSTANT_CONVERSION = YES;
				CLANG_WARN_DIRECT_OBJC_ISA_USAGE = YES_ERROR;
				CLANG_WARN_DOCUMENTATION_COMMENTS = YES;
				CLANG_WARN_EMPTY_BODY = YES;
				CLANG_WARN_ENUM_CONVERSION = YES;
				CLANG_WARN_INFINITE_RECURSION = YES;
				CLANG_WARN_INT_CONVERSION = YES;
				CLANG_WARN_NON_LITERAL_NULL_CONVERSION = YES;
				CLANG_WARN_OBJC_LITERAL_CONVERSION = YES;
				CLANG_WARN_OBJC_ROOT_CLASS = YES_ERROR;
				CLANG_WARN_RANGE_LOOP_ANALYSIS = YES;
				CLANG_WARN_STRICT_PROTOTYPES = YES;
				CLANG_WARN_SUSPICIOUS_MOVE = YES;
				CLANG_WARN_UNGUARDED_AVAILABILITY = YES_AGGRESSIVE;
				CLANG_WARN_UNREACHABLE_CODE = YES;
				CLANG_WARN__DUPLICATE_METHOD_MATCH = YES;
				CODE_SIGN_IDENTITY = "iPhone Developer";
				COPY_PHASE_STRIP = NO;
				DEBUG_INFORMATION_FORMAT = "dwarf-with-dsym";
				ENABLE_NS_ASSERTIONS = NO;
				ENABLE_STRICT_OBJC_MSGSEND = YES;
				GCC_C_LANGUAGE_STANDARD = gnu11;
				GCC_NO_COMMON_BLOCKS = YES;
				GCC_WARN_64_TO_32_BIT_CONVERSION = YES;
				GCC_WARN_ABOUT_RETURN_TYPE = YES_ERROR;
				GCC_WARN_UNDECLARED_SELECTOR = YES;
				GCC_WARN_UNINITIALIZED_AUTOS = YES_AGGRESSIVE;
				GCC_WARN_UNUSED_FUNCTION = YES;
				GCC_WARN_UNUSED_VARIABLE = YES;
				IPHONEOS_DEPLOYMENT_TARGET = 11.0;
				MTL_ENABLE_DEBUG_INFO = NO;
				SDKROOT = iphoneos;
				SWIFT_OPTIMIZATION_LEVEL = "-Owholemodule";
				VALIDATE_PRODUCT = YES;
			};
			name = Release;
		};
		F81B07261F85142B005154BA /* Debug */ = {
			isa = XCBuildConfiguration;
			buildSettings = {
				ASSETCATALOG_COMPILER_APPICON_NAME = AppIcon;
				CODE_SIGN_STYLE = Automatic;
				DEVELOPMENT_TEAM = 3BE5839EDD;
				INFOPLIST_FILE = "MemeMe 1.0/Info.plist";
				LD_RUNPATH_SEARCH_PATHS = "$(inherited) @executable_path/Frameworks";
				PRODUCT_BUNDLE_IDENTIFIER = "com.udacity.MemeMe-1-0";
				PRODUCT_NAME = "$(TARGET_NAME)";
				SWIFT_VERSION = 4.0;
				TARGETED_DEVICE_FAMILY = "1,2";
			};
			name = Debug;
		};
		F81B07271F85142B005154BA /* Release */ = {
			isa = XCBuildConfiguration;
			buildSettings = {
				ASSETCATALOG_COMPILER_APPICON_NAME = AppIcon;
				CODE_SIGN_STYLE = Automatic;
				DEVELOPMENT_TEAM = 3BE5839EDD;
				INFOPLIST_FILE = "MemeMe 1.0/Info.plist";
				LD_RUNPATH_SEARCH_PATHS = "$(inherited) @executable_path/Frameworks";
				PRODUCT_BUNDLE_IDENTIFIER = "com.udacity.MemeMe-1-0";
				PRODUCT_NAME = "$(TARGET_NAME)";
				SWIFT_VERSION = 4.0;
				TARGETED_DEVICE_FAMILY = "1,2";
			};
			name = Release;
		};
/* End XCBuildConfiguration section */

/* Begin XCConfigurationList section */
		F81B070E1F85142B005154BA /* Build configuration list for PBXProject "MemeMe 1.0" */ = {
			isa = XCConfigurationList;
			buildConfigurations = (
				F81B07231F85142B005154BA /* Debug */,
				F81B07241F85142B005154BA /* Release */,
			);
			defaultConfigurationIsVisible = 0;
			defaultConfigurationName = Release;
		};
		F81B07251F85142B005154BA /* Build configuration list for PBXNativeTarget "MemeMe 1.0" */ = {
			isa = XCConfigurationList;
			buildConfigurations = (
				F81B07261F85142B005154BA /* Debug */,
				F81B07271F85142B005154BA /* Release */,
			);
			defaultConfigurationIsVisible = 0;
			defaultConfigurationName = Release;
		};
/* End XCConfigurationList section */
	};
	rootObject = F81B070B1F85142B005154BA /* Project object */;
}
